# This file was autogenerated by Stack.
# You should not edit this file by hand.
# For more information, please see the documentation at:
#   https://docs.haskellstack.org/en/stable/lock_files

packages:
- completed:
    hackage: full-text-search-0.2.1.4@sha256:81f6df3327e5b604f99b15e78635e5d6ca996e504c21d268a6d751d7d131aa36,6032
    pantry-tree:
      size: 1743
      sha256: 90b7cf8646ad1a7e3b6144ebeefa5af4d6bddec070eadb8e17489ae769612260
  original:
    hackage: full-text-search-0.2.1.4@sha256:81f6df3327e5b604f99b15e78635e5d6ca996e504c21d268a6d751d7d131aa36,6032
- completed:
    hackage: snowball-1.0.0.1@sha256:99b46eb27a338567666041e8b45510a2448d97a7ec3d85dd0982aba8b8d49b09,7306
    pantry-tree:
      size: 5992
      sha256: 263fe8df2eb451fe9bd2fb9bec23ebff3082767e61f70585f44b6f8b9119e18e
  original:
    hackage: snowball-1.0.0.1@sha256:99b46eb27a338567666041e8b45510a2448d97a7ec3d85dd0982aba8b8d49b09,7306
snapshots:
- completed:
    size: 496112
    url: https://raw.githubusercontent.com/commercialhaskell/stackage-snapshots/master/lts/15/15.yaml
    sha256: 86169722ad0056ffc9eacc157ef80ee21d7024f92c0d2961c89ccf432db230a3
  original: lts-15.15
